
Microsoft Visual Studio Solution File, Format Version 12.00
# Visual Studio Version 16
VisualStudioVersion = 16.0.31005.135
MinimumVisualStudioVersion = 10.0.40219.1
Project("{FAE04EC0-301F-11D3-BF4B-00C04F79EFBC}") = "InheritanceConsoleApp", "InheritanceConsoleApp\InheritanceConsoleApp.csproj", "{394DFB97-CC85-42D7-A704-E2EA0782D0CF}"
EndProject
Project("{FAE04EC0-301F-11D3-BF4B-00C04F79EFBC}") = "InheritanceConsoleApp.Tests", "InheritanceConsoleApp.Tests\InheritanceConsoleApp.Tests.csproj", "{279F2912-FFB0-4741-BC9B-13E63C58F362}"
EndProject
Global
	GlobalSection(SolutionConfigurationPlatforms) = preSolution
		Debug|Any CPU = Debug|Any CPU
		Release|Any CPU = Release|Any CPU
	EndGlobalSection
	GlobalSection(ProjectConfigurationPlatforms) = postSolution
		{394DFB97-CC85-42D7-A704-E2EA0782D0CF}.Debug|Any CPU.ActiveCfg = Debug|Any CPU
		{394DFB97-CC85-42D7-A704-E2EA0782D0CF}.Debug|Any CPU.Build.0 = Debug|Any CPU
		{394DFB97-CC85-42D7-A704-E2EA0782D0CF}.Release|Any CPU.ActiveCfg = Release|Any CPU
		{394DFB97-CC85-42D7-A704-E2EA0782D0CF}.Release|Any CPU.Build.0 = Release|Any CPU
		{279F2912-FFB0-4741-BC9B-13E63C58F362}.Debug|Any CPU.ActiveCfg = Debug|Any CPU
		{279F2912-FFB0-4741-BC9B-13E63C58F362}.Debug|Any CPU.Build.0 = Debug|Any CPU
		{279F2912-FFB0-4741-BC9B-13E63C58F362}.Release|Any CPU.ActiveCfg = Release|Any CPU
		{279F2912-FFB0-4741-BC9B-13E63C58F362}.Release|Any CPU.Build.0 = Release|Any CPU
	EndGlobalSection
	GlobalSection(SolutionProperties) = preSolution
		HideSolutionNode = FALSE
	EndGlobalSection
	GlobalSection(ExtensibilityGlobals) = postSolution
		SolutionGuid = {2A5A8C7F-AA1F-4AFB-B2AB-9D297E251C9F}
	EndGlobalSection
EndGlobal
